// !$*UTF8*$!
{
	archiveVersion = 1;
	classes = {
	};
	objectVersion = 56;
	objects = {

/* Begin PBXBuildFile section */
		89520AF0CDA2991E3854E0E6 /* Pods_testDemo.framework in Frameworks */ = {isa = PBXBuildFile; fileRef = C508624EE5C35BD9944BA98F /* Pods_testDemo.framework */; };
		D7844ABB2AB49125000C1A01 /* AppDelegate.m in Sources */ = {isa = PBXBuildFile; fileRef = D7844ABA2AB49125000C1A01 /* AppDelegate.m */; };
		D7844ABE2AB49125000C1A01 /* SceneDelegate.m in Sources */ = {isa = PBXBuildFile; fileRef = D7844ABD2AB49125000C1A01 /* SceneDelegate.m */; };
		D7844AC12AB49125000C1A01 /* ViewController.m in Sources */ = {isa = PBXBuildFile; fileRef = D7844AC02AB49125000C1A01 /* ViewController.m */; };
		D7844AC42AB49125000C1A01 /* Main.storyboard in Resources */ = {isa = PBXBuildFile; fileRef = D7844AC22AB49125000C1A01 /* Main.storyboard */; };
		D7844AC62AB49126000C1A01 /* Assets.xcassets in Resources */ = {isa = PBXBuildFile; fileRef = D7844AC52AB49126000C1A01 /* Assets.xcassets */; };
		D7844AC92AB49126000C1A01 /* LaunchScreen.storyboard in Resources */ = {isa = PBXBuildFile; fileRef = D7844AC72AB49126000C1A01 /* LaunchScreen.storyboard */; };
		D7844ACC2AB49126000C1A01 /* main.m in Sources */ = {isa = PBXBuildFile; fileRef = D7844ACB2AB49126000C1A01 /* main.m */; };
/* End PBXBuildFile section */

/* Begin PBXFileReference section */
		3473458B61BCC9CDCC67321A /* Pods-testDemo.debug.xcconfig */ = {isa = PBXFileReference; includeInIndex = 1; lastKnownFileType = text.xcconfig; name = "Pods-testDemo.debug.xcconfig"; path = "Target Support Files/Pods-testDemo/Pods-testDemo.debug.xcconfig"; sourceTree = "<group>"; };
		65AAAA9577BD4109BECF1B69 /* Pods-testDemo.release.xcconfig */ = {isa = PBXFileReference; includeInIndex = 1; lastKnownFileType = text.xcconfig; name = "Pods-testDemo.release.xcconfig"; path = "Target Support Files/Pods-testDemo/Pods-testDemo.release.xcconfig"; sourceTree = "<group>"; };
		C508624EE5C35BD9944BA98F /* Pods_testDemo.framework */ = {isa = PBXFileReference; explicitFileType = wrapper.framework; includeInIndex = 0; path = Pods_testDemo.framework; sourceTree = BUILT_PRODUCTS_DIR; };
		D7844AB62AB49125000C1A01 /* testDemo.app */ = {isa = PBXFileReference; explicitFileType = wrapper.application; includeInIndex = 0; path = testDemo.app; sourceTree = BUILT_PRODUCTS_DIR; };
		D7844AB92AB49125000C1A01 /* AppDelegate.h */ = {isa = PBXFileReference; lastKnownFileType = sourcecode.c.h; path = AppDelegate.h; sourceTree = "<group>"; };
		D7844ABA2AB49125000C1A01 /* AppDelegate.m */ = {isa = PBXFileReference; lastKnownFileType = sourcecode.c.objc; path = AppDelegate.m; sourceTree = "<group>"; };
		D7844ABC2AB49125000C1A01 /* SceneDelegate.h */ = {isa = PBXFileReference; lastKnownFileType = sourcecode.c.h; path = SceneDelegate.h; sourceTree = "<group>"; };
		D7844ABD2AB49125000C1A01 /* SceneDelegate.m */ = {isa = PBXFileReference; lastKnownFileType = sourcecode.c.objc; path = SceneDelegate.m; sourceTree = "<group>"; };
		D7844ABF2AB49125000C1A01 /* ViewController.h */ = {isa = PBXFileReference; lastKnownFileType = sourcecode.c.h; path = ViewController.h; sourceTree = "<group>"; };
		D7844AC02AB49125000C1A01 /* ViewController.m */ = {isa = PBXFileReference; lastKnownFileType = sourcecode.c.objc; path = ViewController.m; sourceTree = "<group>"; };
		D7844AC32AB49125000C1A01 /* Base */ = {isa = PBXFileReference; lastKnownFileType = file.storyboard; name = Base; path = Base.lproj/Main.storyboard; sourceTree = "<group>"; };
		D7844AC52AB49126000C1A01 /* Assets.xcassets */ = {isa = PBXFileReference; lastKnownFileType = folder.assetcatalog; path = Assets.xcassets; sourceTree = "<group>"; };
		D7844AC82AB49126000C1A01 /* Base */ = {isa = PBXFileReference; lastKnownFileType = file.storyboard; name = Base; path = Base.lproj/LaunchScreen.storyboard; sourceTree = "<group>"; };
		D7844ACA2AB49126000C1A01 /* Info.plist */ = {isa = PBXFileReference; lastKnownFileType = text.plist.xml; path = Info.plist; sourceTree = "<group>"; };
		D7844ACB2AB49126000C1A01 /* main.m */ = {isa = PBXFileReference; lastKnownFileType = sourcecode.c.objc; path = main.m; sourceTree = "<group>"; };
/* End PBXFileReference section */

/* Begin PBXFrameworksBuildPhase section */
		D7844AB32AB49125000C1A01 /* Frameworks */ = {
			isa = PBXFrameworksBuildPhase;
			buildActionMask = 2147483647;
			files = (
				89520AF0CDA2991E3854E0E6 /* Pods_testDemo.framework in Frameworks */,
			);
			runOnlyForDeploymentPostprocessing = 0;
		};
/* End PBXFrameworksBuildPhase section */

/* Begin PBXGroup section */
		79999D9F478C0AC7E9DC898C /* Pods */ = {
			isa = PBXGroup;
			children = (
				3473458B61BCC9CDCC67321A /* Pods-testDemo.debug.xcconfig */,
				65AAAA9577BD4109BECF1B69 /* Pods-testDemo.release.xcconfig */,
			);
			name = Pods;
			path = Pods;
			sourceTree = "<group>";
		};
		D7844AAD2AB49125000C1A01 = {
			isa = PBXGroup;
			children = (
				D7844AB82AB49125000C1A01 /* testDemo */,
				D7844AB72AB49125000C1A01 /* Products */,
				79999D9F478C0AC7E9DC898C /* Pods */,
				DC6C06486C15075C4468FD7C /* Frameworks */,
			);
			sourceTree = "<group>";
		};
		D7844AB72AB49125000C1A01 /* Products */ = {
			isa = PBXGroup;
			children = (
				D7844AB62AB49125000C1A01 /* testDemo.app */,
			);
			name = Products;
			sourceTree = "<group>";
		};
		D7844AB82AB49125000C1A01 /* testDemo */ = {
			isa = PBXGroup;
			children = (
				D7844AB92AB49125000C1A01 /* AppDelegate.h */,
				D7844ABA2AB49125000C1A01 /* AppDelegate.m */,
				D7844ABC2AB49125000C1A01 /* SceneDelegate.h */,
				D7844ABD2AB49125000C1A01 /* SceneDelegate.m */,
				D7844ABF2AB49125000C1A01 /* ViewController.h */,
				D7844AC02AB49125000C1A01 /* ViewController.m */,
				D7844AC22AB49125000C1A01 /* Main.storyboard */,
				D7844AC52AB49126000C1A01 /* Assets.xcassets */,
				D7844AC72AB49126000C1A01 /* LaunchScreen.storyboard */,
				D7844ACA2AB49126000C1A01 /* Info.plist */,
				D7844ACB2AB49126000C1A01 /* main.m */,
			);
			path = testDemo;
			sourceTree = "<group>";
		};
		DC6C06486C15075C4468FD7C /* Frameworks */ = {
			isa = PBXGroup;
			children = (
				C508624EE5C35BD9944BA98F /* Pods_testDemo.framework */,
			);
			name = Frameworks;
			sourceTree = "<group>";
		};
/* End PBXGroup section */

/* Begin PBXNativeTarget section */
		D7844AB52AB49125000C1A01 /* testDemo */ = {
			isa = PBXNativeTarget;
			buildConfigurationList = D7844ACF2AB49126000C1A01 /* Build configuration list for PBXNativeTarget "testDemo" */;
			buildPhases = (
				74C852EA4AE2569D6352FBB9 /* [CP] Check Pods Manifest.lock */,
				D7844AB22AB49125000C1A01 /* Sources */,
				D7844AB32AB49125000C1A01 /* Frameworks */,
				D7844AB42AB49125000C1A01 /* Resources */,
				662E4964F5EFD271EF8F3446 /* [CP] Embed Pods Frameworks */,
			);
			buildRules = (
			);
			dependencies = (
			);
			name = testDemo;
			productName = testDemo;
			productReference = D7844AB62AB49125000C1A01 /* testDemo.app */;
			productType = "com.apple.product-type.application";
		};
/* End PBXNativeTarget section */

/* Begin PBXProject section */
		D7844AAE2AB49125000C1A01 /* Project object */ = {
			isa = PBXProject;
			attributes = {
				BuildIndependentTargetsInParallel = 1;
				LastUpgradeCheck = 1420;
				TargetAttributes = {
					D7844AB52AB49125000C1A01 = {
						CreatedOnToolsVersion = 14.2;
					};
				};
			};
			buildConfigurationList = D7844AB12AB49125000C1A01 /* Build configuration list for PBXProject "testDemo" */;
			compatibilityVersion = "Xcode 14.0";
			developmentRegion = en;
			hasScannedForEncodings = 0;
			knownRegions = (
				en,
				Base,
			);
			mainGroup = D7844AAD2AB49125000C1A01;
			productRefGroup = D7844AB72AB49125000C1A01 /* Products */;
			projectDirPath = "";
			projectRoot = "";
			targets = (
				D7844AB52AB49125000C1A01 /* testDemo */,
			);
		};
/* End PBXProject section */

/* Begin PBXResourcesBuildPhase section */
		D7844AB42AB49125000C1A01 /* Resources */ = {
			isa = PBXResourcesBuildPhase;
			buildActionMask = 2147483647;
			files = (
				D7844AC92AB49126000C1A01 /* LaunchScreen.storyboard in Resources */,
				D7844AC62AB49126000C1A01 /* Assets.xcassets in Resources */,
				D7844AC42AB49125000C1A01 /* Main.storyboard in Resources */,
			);
			runOnlyForDeploymentPostprocessing = 0;
		};
/* End PBXResourcesBuildPhase section */

/* Begin PBXShellScriptBuildPhase section */
		662E4964F5EFD271EF8F3446 /* [CP] Embed Pods Frameworks */ = {
			isa = PBXShellScriptBuildPhase;
			buildActionMask = 2147483647;
			files = (
			);
			inputFileListPaths = (
				"${PODS_ROOT}/Target Support Files/Pods-testDemo/Pods-testDemo-frameworks-${CONFIGURATION}-input-files.xcfilelist",
			);
			name = "[CP] Embed Pods Frameworks";
			outputFileListPaths = (
				"${PODS_ROOT}/Target Support Files/Pods-testDemo/Pods-testDemo-frameworks-${CONFIGURATION}-output-files.xcfilelist",
			);
			runOnlyForDeploymentPostprocessing = 0;
			shellPath = /bin/sh;
			shellScript = "\"${PODS_ROOT}/Target Support Files/Pods-testDemo/Pods-testDemo-frameworks.sh\"\n";
			showEnvVarsInLog = 0;
		};
		74C852EA4AE2569D6352FBB9 /* [CP] Check Pods Manifest.lock */ = {
			isa = PBXShellScriptBuildPhase;
			buildActionMask = 2147483647;
			files = (
			);
			inputFileListPaths = (
			);
			inputPaths = (
				"${PODS_PODFILE_DIR_PATH}/Podfile.lock",
				"${PODS_ROOT}/Manifest.lock",
			);
			name = "[CP] Check Pods Manifest.lock";
			outputFileListPaths = (
			);
			outputPaths = (
				"$(DERIVED_FILE_DIR)/Pods-testDemo-checkManifestLockResult.txt",
			);
			runOnlyForDeploymentPostprocessing = 0;
			shellPath = /bin/sh;
			shellScript = "diff \"${PODS_PODFILE_DIR_PATH}/Podfile.lock\" \"${PODS_ROOT}/Manifest.lock\" > /dev/null\nif [ $? != 0 ] ; then\n    # print error to STDERR\n    echo \"error: The sandbox is not in sync with the Podfile.lock. Run 'pod install' or update your CocoaPods installation.\" >&2\n    exit 1\nfi\n# This output is used by Xcode 'outputs' to avoid re-running this script phase.\necho \"SUCCESS\" > \"${SCRIPT_OUTPUT_FILE_0}\"\n";
			showEnvVarsInLog = 0;
		};
/* End PBXShellScriptBuildPhase section */

/* Begin PBXSourcesBuildPhase section */
		D7844AB22AB49125000C1A01 /* Sources */ = {
			isa = PBXSourcesBuildPhase;
			buildActionMask = 2147483647;
			files = (
				D7844AC12AB49125000C1A01 /* ViewController.m in Sources */,
				D7844ABB2AB49125000C1A01 /* AppDelegate.m in Sources */,
				D7844ACC2AB49126000C1A01 /* main.m in Sources */,
				D7844ABE2AB49125000C1A01 /* SceneDelegate.m in Sources */,
			);
			runOnlyForDeploymentPostprocessing = 0;
		};
/* End PBXSourcesBuildPhase section */

/* Begin PBXVariantGroup section */
		D7844AC22AB49125000C1A01 /* Main.storyboard */ = {
			isa = PBXVariantGroup;
			children = (
				D7844AC32AB49125000C1A01 /* Base */,
			);
			name = Main.storyboard;
			sourceTree = "<group>";
		};
		D7844AC72AB49126000C1A01 /* LaunchScreen.storyboard */ = {
			isa = PBXVariantGroup;
			children = (
				D7844AC82AB49126000C1A01 /* Base */,
			);
			name = LaunchScreen.storyboard;
			sourceTree = "<group>";
		};
/* End PBXVariantGroup section */

/* Begin XCBuildConfiguration section */
		D7844ACD2AB49126000C1A01 /* Debug */ = {
			isa = XCBuildConfiguration;
			buildSettings = {
				ALWAYS_SEARCH_USER_PATHS = NO;
				CLANG_ANALYZER_NONNULL = YES;
				CLANG_ANALYZER_NUMBER_OBJECT_CONVERSION = YES_AGGRESSIVE;
				CLANG_CXX_LANGUAGE_STANDARD = "gnu++20";
				CLANG_ENABLE_MODULES = YES;
				CLANG_ENABLE_OBJC_ARC = YES;
				CLANG_ENABLE_OBJC_WEAK = YES;
				CLANG_WARN_BLOCK_CAPTURE_AUTORELEASING = YES;
				CLANG_WARN_BOOL_CONVERSION = YES;
				CLANG_WARN_COMMA = YES;
				CLANG_WARN_CONSTANT_CONVERSION = YES;
				CLANG_WARN_DEPRECATED_OBJC_IMPLEMENTATIONS = YES;
				CLANG_WARN_DIRECT_OBJC_ISA_USAGE = YES_ERROR;
				CLANG_WARN_DOCUMENTATION_COMMENTS = YES;
				CLANG_WARN_EMPTY_BODY = YES;
				CLANG_WARN_ENUM_CONVERSION = YES;
				CLANG_WARN_INFINITE_RECURSION = YES;
				CLANG_WARN_INT_CONVERSION = YES;
				CLANG_WARN_NON_LITERAL_NULL_CONVERSION = YES;
				CLANG_WARN_OBJC_IMPLICIT_RETAIN_SELF = YES;
				CLANG_WARN_OBJC_LITERAL_CONVERSION = YES;
				CLANG_WARN_OBJC_ROOT_CLASS = YES_ERROR;
				CLANG_WARN_QUOTED_INCLUDE_IN_FRAMEWORK_HEADER = YES;
				CLANG_WARN_RANGE_LOOP_ANALYSIS = YES;
				CLANG_WARN_STRICT_PROTOTYPES = YES;
				CLANG_WARN_SUSPICIOUS_MOVE = YES;
				CLANG_WARN_UNGUARDED_AVAILABILITY = YES_AGGRESSIVE;
				CLANG_WARN_UNREACHABLE_CODE = YES;
				CLANG_WARN__DUPLICATE_METHOD_MATCH = YES;
				COPY_PHASE_STRIP = NO;
				DEBUG_INFORMATION_FORMAT = dwarf;
				ENABLE_STRICT_OBJC_MSGSEND = YES;
				ENABLE_TESTABILITY = YES;
				GCC_C_LANGUAGE_STANDARD = gnu11;
				GCC_DYNAMIC_NO_PIC = NO;
				GCC_NO_COMMON_BLOCKS = YES;
				GCC_OPTIMIZATION_LEVEL = 0;
				GCC_PREPROCESSOR_DEFINITIONS = (
					"DEBUG=1",
					"$(inherited)",
				);
				GCC_WARN_64_TO_32_BIT_CONVERSION = YES;
				GCC_WARN_ABOUT_RETURN_TYPE = YES_ERROR;
				GCC_WARN_UNDECLARED_SELECTOR = YES;
				GCC_WARN_UNINITIALIZED_AUTOS = YES_AGGRESSIVE;
				GCC_WARN_UNUSED_FUNCTION = YES;
				GCC_WARN_UNUSED_VARIABLE = YES;
				IPHONEOS_DEPLOYMENT_TARGET = 16.2;
				MTL_ENABLE_DEBUG_INFO = INCLUDE_SOURCE;
				MTL_FAST_MATH = YES;
				ONLY_ACTIVE_ARCH = YES;
				SDKROOT = iphoneos;
			};
			name = Debug;
		};
		D7844ACE2AB49126000C1A01 /* Release */ = {
			isa = XCBuildConfiguration;
			buildSettings = {
				ALWAYS_SEARCH_USER_PATHS = NO;
				CLANG_ANALYZER_NONNULL = YES;
				CLANG_ANALYZER_NUMBER_OBJECT_CONVERSION = YES_AGGRESSIVE;
				CLANG_CXX_LANGUAGE_STANDARD = "gnu++20";
				CLANG_ENABLE_MODULES = YES;
				CLANG_ENABLE_OBJC_ARC = YES;
				CLANG_ENABLE_OBJC_WEAK = YES;
				CLANG_WARN_BLOCK_CAPTURE_AUTORELEASING = YES;
				CLANG_WARN_BOOL_CONVERSION = YES;
				CLANG_WARN_COMMA = YES;
				CLANG_WARN_CONSTANT_CONVERSION = YES;
				CLANG_WARN_DEPRECATED_OBJC_IMPLEMENTATIONS = YES;
				CLANG_WARN_DIRECT_OBJC_ISA_USAGE = YES_ERROR;
				CLANG_WARN_DOCUMENTATION_COMMENTS = YES;
				CLANG_WARN_EMPTY_BODY = YES;
				CLANG_WARN_ENUM_CONVERSION = YES;
				CLANG_WARN_INFINITE_RECURSION = YES;
				CLANG_WARN_INT_CONVERSION = YES;
				CLANG_WARN_NON_LITERAL_NULL_CONVERSION = YES;
				CLANG_WARN_OBJC_IMPLICIT_RETAIN_SELF = YES;
				CLANG_WARN_OBJC_LITERAL_CONVERSION = YES;
				CLANG_WARN_OBJC_ROOT_CLASS = YES_ERROR;
				CLANG_WARN_QUOTED_INCLUDE_IN_FRAMEWORK_HEADER = YES;
				CLANG_WARN_RANGE_LOOP_ANALYSIS = YES;
				CLANG_WARN_STRICT_PROTOTYPES = YES;
				CLANG_WARN_SUSPICIOUS_MOVE = YES;
				CLANG_WARN_UNGUARDED_AVAILABILITY = YES_AGGRESSIVE;
				CLANG_WARN_UNREACHABLE_CODE = YES;
				CLANG_WARN__DUPLICATE_METHOD_MATCH = YES;
				COPY_PHASE_STRIP = NO;
				DEBUG_INFORMATION_FORMAT = "dwarf-with-dsym";
				ENABLE_NS_ASSERTIONS = NO;
				ENABLE_STRICT_OBJC_MSGSEND = YES;
				GCC_C_LANGUAGE_STANDARD = gnu11;
				GCC_NO_COMMON_BLOCKS = YES;
				GCC_WARN_64_TO_32_BIT_CONVERSION = YES;
				GCC_WARN_ABOUT_RETURN_TYPE = YES_ERROR;
				GCC_WARN_UNDECLARED_SELECTOR = YES;
				GCC_WARN_UNINITIALIZED_AUTOS = YES_AGGRESSIVE;
				GCC_WARN_UNUSED_FUNCTION = YES;
				GCC_WARN_UNUSED_VARIABLE = YES;
				IPHONEOS_DEPLOYMENT_TARGET = 16.2;
				MTL_ENABLE_DEBUG_INFO = NO;
				MTL_FAST_MATH = YES;
				SDKROOT = iphoneos;
				VALIDATE_PRODUCT = YES;
			};
			name = Release;
		};
		D7844AD02AB49126000C1A01 /* Debug */ = {
			isa = XCBuildConfiguration;
			baseConfigurationReference = 3473458B61BCC9CDCC67321A /* Pods-testDemo.debug.xcconfig */;
			buildSettings = {
				ASSETCATALOG_COMPILER_APPICON_NAME = AppIcon;
				ASSETCATALOG_COMPILER_GLOBAL_ACCENT_COLOR_NAME = AccentColor;
				CODE_SIGN_STYLE = Automatic;
				CURRENT_PROJECT_VERSION = 1;
				DEVELOPMENT_TEAM = 8K4S563R7H;
				GENERATE_INFOPLIST_FILE = YES;
				INFOPLIST_FILE = testDemo/Info.plist;
				INFOPLIST_KEY_UIApplicationSupportsIndirectInputEvents = YES;
				INFOPLIST_KEY_UILaunchStoryboardName = LaunchScreen;
				INFOPLIST_KEY_UIMainStoryboardFile = Main;
				INFOPLIST_KEY_UISupportedInterfaceOrientations_iPad = "UIInterfaceOrientationPortrait UIInterfaceOrientationPortraitUpsideDown UIInterfaceOrientationLandscapeLeft UIInterfaceOrientationLandscapeRight";
				INFOPLIST_KEY_UISupportedInterfaceOrientations_iPhone = "UIInterfaceOrientationPortrait UIInterfaceOrientationLandscapeLeft UIInterfaceOrientationLandscapeRight";
				LD_RUNPATH_SEARCH_PATHS = (
					"$(inherited)",
					"@executable_path/Frameworks",
				);
				MARKETING_VERSION = 1.0;
				PRODUCT_BUNDLE_IDENTIFIER = zxl.testDemo;
				PRODUCT_NAME = "$(TARGET_NAME)";
				SWIFT_EMIT_LOC_STRINGS = YES;
				TARGETED_DEVICE_FAMILY = "1,2";
			};
			name = Debug;
		};
		D7844AD12AB49126000C1A01 /* Release */ = {
			isa = XCBuildConfiguration;
			baseConfigurationReference = 65AAAA9577BD4109BECF1B69 /* Pods-testDemo.release.xcconfig */;
			buildSettings = {
				ASSETCATALOG_COMPILER_APPICON_NAME = AppIcon;
				ASSETCATALOG_COMPILER_GLOBAL_ACCENT_COLOR_NAME = AccentColor;
				CODE_SIGN_STYLE = Automatic;
				CURRENT_PROJECT_VERSION = 1;
				DEVELOPMENT_TEAM = 8K4S563R7H;
				GENERATE_INFOPLIST_FILE = YES;
				INFOPLIST_FILE = testDemo/Info.plist;
				INFOPLIST_KEY_UIApplicationSupportsIndirectInputEvents = YES;
				INFOPLIST_KEY_UILaunchStoryboardName = LaunchScreen;
				INFOPLIST_KEY_UIMainStoryboardFile = Main;
				INFOPLIST_KEY_UISupportedInterfaceOrientations_iPad = "UIInterfaceOrientationPortrait UIInterfaceOrientationPortraitUpsideDown UIInterfaceOrientationLandscapeLeft UIInterfaceOrientationLandscapeRight";
				INFOPLIST_KEY_UISupportedInterfaceOrientations_iPhone = "UIInterfaceOrientationPortrait UIInterfaceOrientationLandscapeLeft UIInterfaceOrientationLandscapeRight";
				LD_RUNPATH_SEARCH_PATHS = (
					"$(inherited)",
					"@executable_path/Frameworks",
				);
				MARKETING_VERSION = 1.0;
				PRODUCT_BUNDLE_IDENTIFIER = zxl.testDemo;
				PRODUCT_NAME = "$(TARGET_NAME)";
				SWIFT_EMIT_LOC_STRINGS = YES;
				TARGETED_DEVICE_FAMILY = "1,2";
			};
			name = Release;
		};
/* End XCBuildConfiguration section */

/* Begin XCConfigurationList section */
		D7844AB12AB49125000C1A01 /* Build configuration list for PBXProject "testDemo" */ = {
			isa = XCConfigurationList;
			buildConfigurations = (
				D7844ACD2AB49126000C1A01 /* Debug */,
				D7844ACE2AB49126000C1A01 /* Release */,
			);
			defaultConfigurationIsVisible = 0;
			defaultConfigurationName = Release;
		};
		D7844ACF2AB49126000C1A01 /* Build configuration list for PBXNativeTarget "testDemo" */ = {
			isa = XCConfigurationList;
			buildConfigurations = (
				D7844AD02AB49126000C1A01 /* Debug */,
				D7844AD12AB49126000C1A01 /* Release */,
			);
			defaultConfigurationIsVisible = 0;
			defaultConfigurationName = Release;
		};
/* End XCConfigurationList section */
	};
	rootObject = D7844AAE2AB49125000C1A01 /* Project object */;
}
